
Microsoft Visual Studio Solution File, Format Version 12.00
# Visual Studio Version 17
VisualStudioVersion = 17.5.33516.290
MinimumVisualStudioVersion = 10.0.40219.1
Project("{FAE04EC0-301F-11D3-BF4B-00C04F79EFBC}") = "KR1VSSIT", "KR1VSSIT.csproj", "{DF89E86E-210C-4E97-921F-9FA716462890}"
EndProject
Global
	GlobalSection(SolutionConfigurationPlatforms) = preSolution
		Debug|Any CPU = Debug|Any CPU
		Release|Any CPU = Release|Any CPU
	EndGlobalSection
	GlobalSection(ProjectConfigurationPlatforms) = postSolution
		{DF89E86E-210C-4E97-921F-9FA716462890}.Debug|Any CPU.ActiveCfg = Debug|Any CPU
		{DF89E86E-210C-4E97-921F-9FA716462890}.Debug|Any CPU.Build.0 = Debug|Any CPU
		{DF89E86E-210C-4E97-921F-9FA716462890}.Release|Any CPU.ActiveCfg = Release|Any CPU
		{DF89E86E-210C-4E97-921F-9FA716462890}.Release|Any CPU.Build.0 = Release|Any CPU
	EndGlobalSection
	GlobalSection(SolutionProperties) = preSolution
		HideSolutionNode = FALSE
	EndGlobalSection
	GlobalSection(ExtensibilityGlobals) = postSolution
		SolutionGuid = {F0EEB8E7-B8AC-4ED1-91DC-756AA0411312}
	EndGlobalSection
EndGlobal
